
Microsoft Visual Studio Solution File, Format Version 12.00
# Visual Studio Version 17
VisualStudioVersion = 17.6.33801.468
MinimumVisualStudioVersion = 10.0.40219.1
Project("{9A19103F-16F7-4668-BE54-9A1E7A4F7556}") = "Parashumti_hw5_RazorPagesAndAzure", "Parashumti_hw5_RazorPagesAndAzure\Parashumti_hw5_RazorPagesAndAzure.csproj", "{0A2A696A-9185-4952-8223-2F353F77EE48}"
EndProject
Global
	GlobalSection(SolutionConfigurationPlatforms) = preSolution
		Debug|Any CPU = Debug|Any CPU
		Release|Any CPU = Release|Any CPU
	EndGlobalSection
	GlobalSection(ProjectConfigurationPlatforms) = postSolution
		{0A2A696A-9185-4952-8223-2F353F77EE48}.Debug|Any CPU.ActiveCfg = Debug|Any CPU
		{0A2A696A-9185-4952-8223-2F353F77EE48}.Debug|Any CPU.Build.0 = Debug|Any CPU
		{0A2A696A-9185-4952-8223-2F353F77EE48}.Release|Any CPU.ActiveCfg = Release|Any CPU
		{0A2A696A-9185-4952-8223-2F353F77EE48}.Release|Any CPU.Build.0 = Release|Any CPU
	EndGlobalSection
	GlobalSection(SolutionProperties) = preSolution
		HideSolutionNode = FALSE
	EndGlobalSection
	GlobalSection(ExtensibilityGlobals) = postSolution
		SolutionGuid = {15C1E276-5CD0-42F4-B491-E463260CB53D}
	EndGlobalSection
EndGlobal
